{
    "name": "rtl-markdown",
    "version": "0.0.8",
    "lockfileVersion": 1,
    "requires": true,
    "dependencies": {
        "sudo-prompt": {
            "version": "9.2.1",
            "resolved": "https://registry.npmjs.org/sudo-prompt/-/sudo-prompt-9.2.1.tgz",
            "integrity": "sha512-Mu7R0g4ig9TUuGSxJavny5Rv0egCEtpZRNMrZaYS1vxkiIxGiGUwoezU3LazIQ+KE04hTrTfNPgxU5gzi7F5Pw=="
        }
    }
}
